
Microsoft Visual Studio Solution File, Format Version 12.00
# Visual Studio Version 17
VisualStudioVersion = 17.11.35222.181
MinimumVisualStudioVersion = 10.0.40219.1
Project("{9A19103F-16F7-4668-BE54-9A1E7A4F7556}") = "MicroBase.PlatformService.Api", "MicroBase.PlatformService.Api\MicroBase.PlatformService.Api.csproj", "{983AB509-816E-496F-A084-F32EB5BC7016}"
EndProject
Project("{2150E333-8FDC-42A3-9474-1A3956D46DE8}") = "src", "src", "{8BCC8939-79CC-4792-A3DE-84F5996492E4}"
EndProject
Project("{2150E333-8FDC-42A3-9474-1A3956D46DE8}") = "Services", "Services", "{CA5A3325-A08B-480D-9519-BC6260473E2E}"
EndProject
Project("{2150E333-8FDC-42A3-9474-1A3956D46DE8}") = "PlatformService", "PlatformService", "{F488051E-7670-42EE-A044-83BB24CE574E}"
EndProject
Project("{9A19103F-16F7-4668-BE54-9A1E7A4F7556}") = "MicroBase.PlatformService.Domain", "MicroBase.PlatformService.Domain\MicroBase.PlatformService.Domain.csproj", "{57C8FA11-9A0E-46A2-A1FD-6A4C01C6E039}"
EndProject
Project("{9A19103F-16F7-4668-BE54-9A1E7A4F7556}") = "MicroBase.PlatformService.Application", "MicroBase.PlatformService.Application\MicroBase.PlatformService.Application.csproj", "{477A750F-8EC6-414C-B27B-895BBF9B8F29}"
EndProject
Project("{9A19103F-16F7-4668-BE54-9A1E7A4F7556}") = "MicroBase.PlatformService.Infrastructure", "MicroBase.PlatformService.Infrastructure\MicroBase.PlatformService.Infrastructure.csproj", "{7841967A-3D50-4545-8CF4-50D821935567}"
EndProject
Project("{2150E333-8FDC-42A3-9474-1A3956D46DE8}") = "K8S", "K8S", "{9EFF7A2F-7326-4792-A6F6-211E2E8AC3F5}"
	ProjectSection(SolutionItems) = preProject
		commands-deployment.yaml = commands-deployment.yaml
		ingress-service.yaml = ingress-service.yaml
		local-pvc.yaml = local-pvc.yaml
		mssql-platform-service-deployment.yaml = mssql-platform-service-deployment.yaml
		platforms-deployment.yaml = platforms-deployment.yaml
		platforms-nodeport-service.yaml = platforms-nodeport-service.yaml
	EndProjectSection
EndProject
Project("{2150E333-8FDC-42A3-9474-1A3956D46DE8}") = "CommandService", "CommandService", "{CC063789-5782-412C-8FAE-5796793627F7}"
EndProject
Project("{9A19103F-16F7-4668-BE54-9A1E7A4F7556}") = "MicroBase.CommandService.Api", "MicroBase.CommandService.Api\MicroBase.CommandService.Api.csproj", "{C94C45EC-106D-4531-97F4-E0BA93F99C18}"
EndProject
Project("{9A19103F-16F7-4668-BE54-9A1E7A4F7556}") = "MicroBase.CommandService.Domain", "MicroBase.CommandService.Domain\MicroBase.CommandService.Domain.csproj", "{9EE4520C-C498-405F-8D59-110385EC2B4A}"
EndProject
Project("{9A19103F-16F7-4668-BE54-9A1E7A4F7556}") = "MicroBase.CommandService.Application", "MicroBase.CommandService.Application\MicroBase.CommandService.Application.csproj", "{452D9FA9-A333-4469-AC5E-32C32DD18F5E}"
EndProject
Project("{9A19103F-16F7-4668-BE54-9A1E7A4F7556}") = "MicroBase.CommandService.Infrastructure", "MicroBase.CommandService.Infrastructure\MicroBase.CommandService.Infrastructure.csproj", "{8823DCC1-EEB5-48E1-9EC4-5FA1372B4BF0}"
EndProject
Global
	GlobalSection(SolutionConfigurationPlatforms) = preSolution
		Debug|Any CPU = Debug|Any CPU
		Release|Any CPU = Release|Any CPU
	EndGlobalSection
	GlobalSection(ProjectConfigurationPlatforms) = postSolution
		{983AB509-816E-496F-A084-F32EB5BC7016}.Debug|Any CPU.ActiveCfg = Debug|Any CPU
		{983AB509-816E-496F-A084-F32EB5BC7016}.Debug|Any CPU.Build.0 = Debug|Any CPU
		{983AB509-816E-496F-A084-F32EB5BC7016}.Release|Any CPU.ActiveCfg = Release|Any CPU
		{983AB509-816E-496F-A084-F32EB5BC7016}.Release|Any CPU.Build.0 = Release|Any CPU
		{57C8FA11-9A0E-46A2-A1FD-6A4C01C6E039}.Debug|Any CPU.ActiveCfg = Debug|Any CPU
		{57C8FA11-9A0E-46A2-A1FD-6A4C01C6E039}.Debug|Any CPU.Build.0 = Debug|Any CPU
		{57C8FA11-9A0E-46A2-A1FD-6A4C01C6E039}.Release|Any CPU.ActiveCfg = Release|Any CPU
		{57C8FA11-9A0E-46A2-A1FD-6A4C01C6E039}.Release|Any CPU.Build.0 = Release|Any CPU
		{477A750F-8EC6-414C-B27B-895BBF9B8F29}.Debug|Any CPU.ActiveCfg = Debug|Any CPU
		{477A750F-8EC6-414C-B27B-895BBF9B8F29}.Debug|Any CPU.Build.0 = Debug|Any CPU
		{477A750F-8EC6-414C-B27B-895BBF9B8F29}.Release|Any CPU.ActiveCfg = Release|Any CPU
		{477A750F-8EC6-414C-B27B-895BBF9B8F29}.Release|Any CPU.Build.0 = Release|Any CPU
		{7841967A-3D50-4545-8CF4-50D821935567}.Debug|Any CPU.ActiveCfg = Debug|Any CPU
		{7841967A-3D50-4545-8CF4-50D821935567}.Debug|Any CPU.Build.0 = Debug|Any CPU
		{7841967A-3D50-4545-8CF4-50D821935567}.Release|Any CPU.ActiveCfg = Release|Any CPU
		{7841967A-3D50-4545-8CF4-50D821935567}.Release|Any CPU.Build.0 = Release|Any CPU
		{C94C45EC-106D-4531-97F4-E0BA93F99C18}.Debug|Any CPU.ActiveCfg = Debug|Any CPU
		{C94C45EC-106D-4531-97F4-E0BA93F99C18}.Debug|Any CPU.Build.0 = Debug|Any CPU
		{C94C45EC-106D-4531-97F4-E0BA93F99C18}.Release|Any CPU.ActiveCfg = Release|Any CPU
		{C94C45EC-106D-4531-97F4-E0BA93F99C18}.Release|Any CPU.Build.0 = Release|Any CPU
		{9EE4520C-C498-405F-8D59-110385EC2B4A}.Debug|Any CPU.ActiveCfg = Debug|Any CPU
		{9EE4520C-C498-405F-8D59-110385EC2B4A}.Debug|Any CPU.Build.0 = Debug|Any CPU
		{9EE4520C-C498-405F-8D59-110385EC2B4A}.Release|Any CPU.ActiveCfg = Release|Any CPU
		{9EE4520C-C498-405F-8D59-110385EC2B4A}.Release|Any CPU.Build.0 = Release|Any CPU
		{452D9FA9-A333-4469-AC5E-32C32DD18F5E}.Debug|Any CPU.ActiveCfg = Debug|Any CPU
		{452D9FA9-A333-4469-AC5E-32C32DD18F5E}.Debug|Any CPU.Build.0 = Debug|Any CPU
		{452D9FA9-A333-4469-AC5E-32C32DD18F5E}.Release|Any CPU.ActiveCfg = Release|Any CPU
		{452D9FA9-A333-4469-AC5E-32C32DD18F5E}.Release|Any CPU.Build.0 = Release|Any CPU
		{8823DCC1-EEB5-48E1-9EC4-5FA1372B4BF0}.Debug|Any CPU.ActiveCfg = Debug|Any CPU
		{8823DCC1-EEB5-48E1-9EC4-5FA1372B4BF0}.Debug|Any CPU.Build.0 = Debug|Any CPU
		{8823DCC1-EEB5-48E1-9EC4-5FA1372B4BF0}.Release|Any CPU.ActiveCfg = Release|Any CPU
		{8823DCC1-EEB5-48E1-9EC4-5FA1372B4BF0}.Release|Any CPU.Build.0 = Release|Any CPU
	EndGlobalSection
	GlobalSection(SolutionProperties) = preSolution
		HideSolutionNode = FALSE
	EndGlobalSection
	GlobalSection(NestedProjects) = preSolution
		{983AB509-816E-496F-A084-F32EB5BC7016} = {F488051E-7670-42EE-A044-83BB24CE574E}
		{CA5A3325-A08B-480D-9519-BC6260473E2E} = {8BCC8939-79CC-4792-A3DE-84F5996492E4}
		{F488051E-7670-42EE-A044-83BB24CE574E} = {CA5A3325-A08B-480D-9519-BC6260473E2E}
		{57C8FA11-9A0E-46A2-A1FD-6A4C01C6E039} = {F488051E-7670-42EE-A044-83BB24CE574E}
		{477A750F-8EC6-414C-B27B-895BBF9B8F29} = {F488051E-7670-42EE-A044-83BB24CE574E}
		{7841967A-3D50-4545-8CF4-50D821935567} = {F488051E-7670-42EE-A044-83BB24CE574E}
		{9EFF7A2F-7326-4792-A6F6-211E2E8AC3F5} = {8BCC8939-79CC-4792-A3DE-84F5996492E4}
		{CC063789-5782-412C-8FAE-5796793627F7} = {CA5A3325-A08B-480D-9519-BC6260473E2E}
		{C94C45EC-106D-4531-97F4-E0BA93F99C18} = {CC063789-5782-412C-8FAE-5796793627F7}
		{9EE4520C-C498-405F-8D59-110385EC2B4A} = {CC063789-5782-412C-8FAE-5796793627F7}
		{452D9FA9-A333-4469-AC5E-32C32DD18F5E} = {CC063789-5782-412C-8FAE-5796793627F7}
		{8823DCC1-EEB5-48E1-9EC4-5FA1372B4BF0} = {CC063789-5782-412C-8FAE-5796793627F7}
	EndGlobalSection
	GlobalSection(ExtensibilityGlobals) = postSolution
		SolutionGuid = {602B83B9-9B85-43DD-9052-B55665BD57A3}
	EndGlobalSection
EndGlobal
